
Microsoft Visual Studio Solution File, Format Version 12.00
# Visual Studio Version 17
VisualStudioVersion = 17.14.36408.4
MinimumVisualStudioVersion = 10.0.40219.1
Project("{FAE04EC0-301F-11D3-BF4B-00C04F79EFBC}") = "LoginPanel", "LoginPanel.csproj", "{84A67D71-2906-48AC-B52E-584F308E9ECE}"
EndProject
Global
	GlobalSection(SolutionConfigurationPlatforms) = preSolution
		Debug|Any CPU = Debug|Any CPU
		Release|Any CPU = Release|Any CPU
	EndGlobalSection
	GlobalSection(ProjectConfigurationPlatforms) = postSolution
		{84A67D71-2906-48AC-B52E-584F308E9ECE}.Debug|Any CPU.ActiveCfg = Debug|Any CPU
		{84A67D71-2906-48AC-B52E-584F308E9ECE}.Debug|Any CPU.Build.0 = Debug|Any CPU
		{84A67D71-2906-48AC-B52E-584F308E9ECE}.Release|Any CPU.ActiveCfg = Release|Any CPU
		{84A67D71-2906-48AC-B52E-584F308E9ECE}.Release|Any CPU.Build.0 = Release|Any CPU
	EndGlobalSection
	GlobalSection(SolutionProperties) = preSolution
		HideSolutionNode = FALSE
	EndGlobalSection
	GlobalSection(ExtensibilityGlobals) = postSolution
		SolutionGuid = {BA21C95C-BD4C-484A-AF40-77EEF6B1CF9C}
	EndGlobalSection
EndGlobal
